{
  "nodes": {
    "flake-compat": {
      "flake": false,
      "locked": {
        "lastModified": 1777699697,
        "narHash": "sha256-Eg9b/rq/ECYwNwEXs5i9wHyhxNI0JrYx2srdI2uZMaQ=",
        "ref": "refs/heads/main",
        "rev": "382052b74656a369c5408822af3f2501e9b1af81",
        "revCount": 94,
        "type": "git",
        "url": "https://git.lix.systems/lix-project/flake-compat.git"
      },
      "original": {
        "type": "git",
        "url": "https://git.lix.systems/lix-project/flake-compat.git"
      }
    },
    "flake-parts": {
      "inputs": {
        "nixpkgs-lib": "nixpkgs-lib"
      },
      "locked": {
        "lastModified": 1788306937,
        "narHash": "sha256-lbrI1UYVpFgKSsyrU9oeF7FHfnu8nLD9ja0ou9f2rxk=",
        "owner": "hercules-ci",
        "repo": "flake-parts",
        "rev": "f16b25b8c3d2809b87925d0b76652d7821a75c68",
        "type": "github"
      },
      "original": {
        "owner": "hercules-ci",
        "repo": "flake-parts",
        "type": "github"
      }
    },
    "home-manager": {
      "inputs": {
        "nixpkgs": [
          "nixpkgs-unstable"
        ]
      },
      "locked": {
        "lastModified": 1788306281,
        "narHash": "sha256-fzkZin1xxYFD5OveNVZudWErqNtr1Pjfdkc9qd8ROCc=",
        "owner": "nix-community",
        "repo": "home-manager",
        "rev": "ead131eb1ec3088a11a23638b99f89c50422fbd3",
        "type": "github"
      },
      "original": {
        "owner": "nix-community",
        "repo": "home-manager",
        "type": "github"
      }
    },
    "import-tree": {
      "locked": {
        "lastModified": 1788275959,
        "narHash": "sha256-doeyg/EY8joBaZhELfVrSGjAm6pFtp2p0UgQv/Wwgh0=",
        "owner": "vic",
        "repo": "import-tree",
        "rev": "e9177dd0d600162a6410ea6019c796cff7a636c3",
        "type": "github"
      },
      "original": {
        "owner": "vic",
        "repo": "import-tree",
        "type": "github"
      }
    },
    "mnw": {
      "locked": {
        "lastModified": 1780772958,
        "narHash": "sha256-VKKe8r4pwCGWZ3Yr9CPN129R4S3CKLSrlYqdYz3vKpM=",
        "owner": "Gerg-L",
        "repo": "mnw",
        "rev": "0871dbf63a53610c95db04439ed8ea4d6ec9c160",
        "type": "github"
      },
      "original": {
        "owner": "Gerg-L",
        "repo": "mnw",
        "type": "github"
      }
    },
    "nixpkgs-lib": {
      "locked": {
        "lastModified": 1788057806,
        "narHash": "sha256-DTQSMxzDWmT0zhguthvegnVkn7CFqGCv4IHCzk5ZUpM=",
        "owner": "nix-community",
        "repo": "nixpkgs.lib",
        "rev": "596e2e3940e09b2abbeb03f75fa1828c57fcd72c",
        "type": "github"
      },
      "original": {
        "owner": "nix-community",
        "repo": "nixpkgs.lib",
        "type": "github"
      }
    },
    "nixpkgs-unstable": {
      "locked": {
        "lastModified": 1788179007,
        "narHash": "sha256-hn1oU2rue2SYK8dAr8+WNZWtbsz1S2W5mnHlSEuh3bo=",
        "owner": "NixOS",
        "repo": "nixpkgs",
        "rev": "34ab99075ac4f7e40cf037eef32cb1c360bb85e9",
        "type": "github"
      },
      "original": {
        "owner": "NixOS",
        "ref": "nixos-unstable",
        "repo": "nixpkgs",
        "type": "github"
      }
    },
    "noctalia": {
      "inputs": {
        "nixpkgs": [
          "nixpkgs-unstable"
        ],
        "noctalia-qs": "noctalia-qs"
      },
      "locked": {
        "lastModified": 1788016978,
        "narHash": "sha256-kq3bbBPa5803bLv55bNFztx2YryJl5a/VfUWvvdaZjI=",
        "owner": "noctalia-dev",
        "repo": "noctalia-shell",
        "rev": "a08ff3619ed4c1e1cd8b7691438cea34ccecd6c5",
        "type": "github"
      },
      "original": {
        "owner": "noctalia-dev",
        "ref": "legacy-v4",
        "repo": "noctalia-shell",
        "type": "github"
      }
    },
    "noctalia-qs": {
      "inputs": {
        "nixpkgs": [
          "noctalia",
          "nixpkgs"
        ],
        "systems": "systems",
        "treefmt-nix": "treefmt-nix"
      },
      "locked": {
        "lastModified": 1780799499,
        "narHash": "sha256-YloRtLqJabzYUWvdLyh67zH4DZrR3kQj+dlQJwLPmPM=",
        "owner": "noctalia-dev",
        "repo": "noctalia-qs",
        "rev": "f308426239665e3bc3d624014e9295b2ae2f58ff",
        "type": "github"
      },
      "original": {
        "owner": "noctalia-dev",
        "repo": "noctalia-qs",
        "type": "github"
      }
    },
    "nvf": {
      "inputs": {
        "flake-compat": "flake-compat",
        "mnw": "mnw",
        "nixpkgs": [
          "nixpkgs-unstable"
        ]
      },
      "locked": {
        "lastModified": 1788115442,
        "narHash": "sha256-hpEx9BvlTtnONKZK/GAdVtQriW14x0ec+Ir5uafNPYY=",
        "owner": "notashelf",
        "repo": "nvf",
        "rev": "f33afa7a878cfac9bebab42d8eccc7680c389cd6",
        "type": "github"
      },
      "original": {
        "owner": "notashelf",
        "repo": "nvf",
        "type": "github"
      }
    },
    "root": {
      "inputs": {
        "flake-parts": "flake-parts",
        "home-manager": "home-manager",
        "import-tree": "import-tree",
        "nixpkgs-unstable": "nixpkgs-unstable",
        "noctalia": "noctalia",
        "nvf": "nvf",
        "sops-nix": "sops-nix"
      }
    },
    "sops-nix": {
      "inputs": {
        "nixpkgs": [
          "nixpkgs-unstable"
        ]
      },
      "locked": {
        "lastModified": 1786629091,
        "narHash": "sha256-gkig4nPi1CWc4Z50GBsjE4ygSE7hMpl/TwID2an2Cck=",
        "owner": "Mic92",
        "repo": "sops-nix",
        "rev": "a8627b21b9107c5711c96b84f32a9a4b3d45295f",
        "type": "github"
      },
      "original": {
        "owner": "Mic92",
        "repo": "sops-nix",
        "type": "github"
      }
    },
    "systems": {
      "locked": {
        "lastModified": 1689347949,
        "narHash": "sha256-12tWmuL2zgBgZkdoB6qXZsgJEH9LR3oUgpaQq2RbI80=",
        "owner": "nix-systems",
        "repo": "default-linux",
        "rev": "31732fcf5e8fea42e59c2488ad31a0e651500f68",
        "type": "github"
      },
      "original": {
        "owner": "nix-systems",
        "repo": "default-linux",
        "type": "github"
      }
    },
    "treefmt-nix": {
      "inputs": {
        "nixpkgs": [
          "noctalia",
          "noctalia-qs",
          "nixpkgs"
        ]
      },
      "locked": {
        "lastModified": 1780220602,
        "narHash": "sha256-eynAfOmbmxJnkp7YewvCEbShNnnYJ9gLLqkzsYtBPeM=",
        "owner": "numtide",
        "repo": "treefmt-nix",
        "rev": "db947814a175b7ca6ded66e21383d938df01c227",
        "type": "github"
      },
      "original": {
        "owner": "numtide",
        "repo": "treefmt-nix",
        "type": "github"
      }
    }
  },
  "root": "root",
  "version": 7
}
